{
  "nodes": {
    "blueprint": {
      "inputs": {
        "nixpkgs": [
          "nixpkgs"
        ],
        "systems": [
          "systems"
        ]
      },
      "locked": {
        "lastModified": 1763308703,
        "narHash": "sha256-O9Y+Wer8wOh+N+4kcCK5p/VLrXyX+ktk0/s3HdZvJzk=",
        "owner": "numtide",
        "repo": "blueprint",
        "rev": "5a9bba070f801d63e2af3c9ef00b86b212429f4f",
        "type": "github"
      },
      "original": {
        "owner": "numtide",
        "repo": "blueprint",
        "type": "github"
      }
    },
    "disko": {
      "inputs": {
        "nixpkgs": [
          "nixpkgs"
        ]
      },
      "locked": {
        "lastModified": 1764350888,
        "narHash": "sha256-6Rp18zavTlnlZzcoLoBTJMBahL2FycVkw2rAEs3cQvo=",
        "owner": "nix-community",
        "repo": "disko",
        "rev": "2055a08fd0e2fd41318279a5355eb8a161accf26",
        "type": "github"
      },
      "original": {
        "owner": "nix-community",
        "repo": "disko",
        "type": "github"
      }
    },
    "flake-utils": {
      "inputs": {
        "systems": [
          "systems"
        ]
      },
      "locked": {
        "lastModified": 1731533236,
        "narHash": "sha256-l0KFg5HjrsfsO/JpG+r7fRrqm12kzFHyUHqHCVpMMbI=",
        "owner": "numtide",
        "repo": "flake-utils",
        "rev": "11707dc2f618dd54ca8739b309ec4fc024de578b",
        "type": "github"
      },
      "original": {
        "owner": "numtide",
        "repo": "flake-utils",
        "type": "github"
      }
    },
    "hwinfo": {
      "inputs": {
        "blueprint": [
          "blueprint"
        ],
        "nixpkgs": [
          "nixpkgs"
        ],
        "systems": [
          "systems"
        ]
      },
      "locked": {
        "lastModified": 1762279079,
        "narHash": "sha256-GL3fNCSaU45fNihEksgtPtbuLkc+tVGXtPH05wbrHwI=",
        "owner": "numtide",
        "repo": "hwinfo",
        "rev": "bfeab0b4e38b200c7a62a44d4d01601a86fe1091",
        "type": "github"
      },
      "original": {
        "owner": "numtide",
        "repo": "hwinfo",
        "type": "github"
      }
    },
    "nixpkgs": {
      "locked": {
        "lastModified": 1764290847,
        "narHash": "sha256-VwPgoDgnd628GdE3KyLqTyPF1WWh0VwT5UoKygoi8sg=",
        "ref": "nixpkgs-unstable",
        "rev": "cd5fedfc384cb98d9fd3827b55f4522f49efda42",
        "shallow": true,
        "type": "git",
        "url": "https://github.com/NixOS/nixpkgs"
      },
      "original": {
        "ref": "nixpkgs-unstable",
        "shallow": true,
        "type": "git",
        "url": "https://github.com/NixOS/nixpkgs"
      }
    },
    "root": {
      "inputs": {
        "blueprint": "blueprint",
        "disko": "disko",
        "flake-utils": "flake-utils",
        "hwinfo": "hwinfo",
        "nixpkgs": "nixpkgs",
        "systems": "systems",
        "treefmt-nix": "treefmt-nix"
      }
    },
    "systems": {
      "locked": {
        "lastModified": 1681028828,
        "narHash": "sha256-Vy1rq5AaRuLzOxct8nz4T6wlgyUR7zLU309k9mBC768=",
        "owner": "nix-systems",
        "repo": "default",
        "rev": "da67096a3b9bf56a91d16901293e51ba5b49a27e",
        "type": "github"
      },
      "original": {
        "owner": "nix-systems",
        "repo": "default",
        "type": "github"
      }
    },
    "treefmt-nix": {
      "inputs": {
        "nixpkgs": [
          "nixpkgs"
        ]
      },
      "locked": {
        "lastModified": 1762938485,
        "narHash": "sha256-AlEObg0syDl+Spi4LsZIBrjw+snSVU4T8MOeuZJUJjM=",
        "owner": "numtide",
        "repo": "treefmt-nix",
        "rev": "5b4ee75aeefd1e2d5a1cc43cf6ba65eba75e83e4",
        "type": "github"
      },
      "original": {
        "owner": "numtide",
        "repo": "treefmt-nix",
        "type": "github"
      }
    }
  },
  "root": "root",
  "version": 7
}
